dependencies:
- name: mss-bank-common
  repository: file://../../mss-bank-common
  version: 0.1.0
- name: configserver
  repository: file://../../mss-bank-services/configserver
  version: 0.1.0
- name: eurekaserver
  repository: file://../../mss-bank-services/eurekaserver
  version: 0.1.0
- name: accounts
  repository: file://../../mss-bank-services/accounts
  version: 0.1.0
- name: cards
  repository: file://../../mss-bank-services/cards
  version: 0.1.0
- name: loans
  repository: file://../../mss-bank-services/loans
  version: 0.1.0
- name: gatewayserver
  repository: file://../../mss-bank-services/gatewayserver
  version: 0.1.0
- name: message
  repository: file://../../mss-bank-services/message
  version: 0.1.0
digest: sha256:1b46337a543fff6129fbe0218775dd66906bdec27d851bcbde2c220b16c026e7
generated: "2025-05-13T13:35:20.083873638+06:00"
